// !$*UTF8*$!
{
	archiveVersion = 1;
	classes = {
	};
	objectVersion = 50;
	objects = {

/* Begin PBXBuildFile section */
		257A348B23EE4DBD0094D13D /* AppDelegate.swift in Sources */ = {isa = PBXBuildFile; fileRef = 257A348A23EE4DBD0094D13D /* AppDelegate.swift */; };
		257A348D23EE4DBD0094D13D /* SceneDelegate.swift in Sources */ = {isa = PBXBuildFile; fileRef = 257A348C23EE4DBD0094D13D /* SceneDelegate.swift */; };
		257A348F23EE4DBD0094D13D /* ViewController.swift in Sources */ = {isa = PBXBuildFile; fileRef = 257A348E23EE4DBD0094D13D /* ViewController.swift */; };
		257A349223EE4DBD0094D13D /* Main.storyboard in Resources */ = {isa = PBXBuildFile; fileRef = 257A349023EE4DBD0094D13D /* Main.storyboard */; };
		257A349423EE4DBE0094D13D /* Assets.xcassets in Resources */ = {isa = PBXBuildFile; fileRef = 257A349323EE4DBE0094D13D /* Assets.xcassets */; };
		257A349723EE4DBE0094D13D /* LaunchScreen.storyboard in Resources */ = {isa = PBXBuildFile; fileRef = 257A349523EE4DBE0094D13D /* LaunchScreen.storyboard */; };
		257A34A223EE4DBE0094D13D /* MovieAppTests.swift in Sources */ = {isa = PBXBuildFile; fileRef = 257A34A123EE4DBE0094D13D /* MovieAppTests.swift */; };
		257A34AD23EE4DBE0094D13D /* MovieAppUITests.swift in Sources */ = {isa = PBXBuildFile; fileRef = 257A34AC23EE4DBE0094D13D /* MovieAppUITests.swift */; };
/* End PBXBuildFile section */

/* Begin PBXContainerItemProxy section */
		257A349E23EE4DBE0094D13D /* PBXContainerItemProxy */ = {
			isa = PBXContainerItemProxy;
			containerPortal = 257A347F23EE4DBD0094D13D /* Project object */;
			proxyType = 1;
			remoteGlobalIDString = 257A348623EE4DBD0094D13D;
			remoteInfo = MovieApp;
		};
		257A34A923EE4DBE0094D13D /* PBXContainerItemProxy */ = {
			isa = PBXContainerItemProxy;
			containerPortal = 257A347F23EE4DBD0094D13D /* Project object */;
			proxyType = 1;
			remoteGlobalIDString = 257A348623EE4DBD0094D13D;
			remoteInfo = MovieApp;
		};
/* End PBXContainerItemProxy section */

/* Begin PBXFileReference section */
		257A348723EE4DBD0094D13D /* MovieApp.app */ = {isa = PBXFileReference; explicitFileType = wrapper.application; includeInIndex = 0; path = MovieApp.app; sourceTree = BUILT_PRODUCTS_DIR; };
		257A348A23EE4DBD0094D13D /* AppDelegate.swift */ = {isa = PBXFileReference; lastKnownFileType = sourcecode.swift; path = AppDelegate.swift; sourceTree = "<group>"; };
		257A348C23EE4DBD0094D13D /* SceneDelegate.swift */ = {isa = PBXFileReference; lastKnownFileType = sourcecode.swift; path = SceneDelegate.swift; sourceTree = "<group>"; };
		257A348E23EE4DBD0094D13D /* ViewController.swift */ = {isa = PBXFileReference; lastKnownFileType = sourcecode.swift; path = ViewController.swift; sourceTree = "<group>"; };
		257A349123EE4DBD0094D13D /* Base */ = {isa = PBXFileReference; lastKnownFileType = file.storyboard; name = Base; path = Base.lproj/Main.storyboard; sourceTree = "<group>"; };
		257A349323EE4DBE0094D13D /* Assets.xcassets */ = {isa = PBXFileReference; lastKnownFileType = folder.assetcatalog; path = Assets.xcassets; sourceTree = "<group>"; };
		257A349623EE4DBE0094D13D /* Base */ = {isa = PBXFileReference; lastKnownFileType = file.storyboard; name = Base; path = Base.lproj/LaunchScreen.storyboard; sourceTree = "<group>"; };
		257A349823EE4DBE0094D13D /* Info.plist */ = {isa = PBXFileReference; lastKnownFileType = text.plist.xml; path = Info.plist; sourceTree = "<group>"; };
		257A349D23EE4DBE0094D13D /* MovieAppTests.xctest */ = {isa = PBXFileReference; explicitFileType = wrapper.cfbundle; includeInIndex = 0; path = MovieAppTests.xctest; sourceTree = BUILT_PRODUCTS_DIR; };
		257A34A123EE4DBE0094D13D /* MovieAppTests.swift */ = {isa = PBXFileReference; lastKnownFileType = sourcecode.swift; path = MovieAppTests.swift; sourceTree = "<group>"; };
		257A34A323EE4DBE0094D13D /* Info.plist */ = {isa = PBXFileReference; lastKnownFileType = text.plist.xml; path = Info.plist; sourceTree = "<group>"; };
		257A34A823EE4DBE0094D13D /* MovieAppUITests.xctest */ = {isa = PBXFileReference; explicitFileType = wrapper.cfbundle; includeInIndex = 0; path = MovieAppUITests.xctest; sourceTree = BUILT_PRODUCTS_DIR; };
		257A34AC23EE4DBE0094D13D /* MovieAppUITests.swift */ = {isa = PBXFileReference; lastKnownFileType = sourcecode.swift; path = MovieAppUITests.swift; sourceTree = "<group>"; };
		257A34AE23EE4DBE0094D13D /* Info.plist */ = {isa = PBXFileReference; lastKnownFileType = text.plist.xml; path = Info.plist; sourceTree = "<group>"; };
/* End PBXFileReference section */

/* Begin PBXFrameworksBuildPhase section */
		257A348423EE4DBD0094D13D /* Frameworks */ = {
			isa = PBXFrameworksBuildPhase;
			buildActionMask = 2147483647;
			files = (
			);
			runOnlyForDeploymentPostprocessing = 0;
		};
		257A349A23EE4DBE0094D13D /* Frameworks */ = {
			isa = PBXFrameworksBuildPhase;
			buildActionMask = 2147483647;
			files = (
			);
			runOnlyForDeploymentPostprocessing = 0;
		};
		257A34A523EE4DBE0094D13D /* Frameworks */ = {
			isa = PBXFrameworksBuildPhase;
			buildActionMask = 2147483647;
			files = (
			);
			runOnlyForDeploymentPostprocessing = 0;
		};
/* End PBXFrameworksBuildPhase section */

/* Begin PBXGroup section */
		257A347E23EE4DBD0094D13D = {
			isa = PBXGroup;
			children = (
				257A348923EE4DBD0094D13D /* MovieApp */,
				257A34A023EE4DBE0094D13D /* MovieAppTests */,
				257A34AB23EE4DBE0094D13D /* MovieAppUITests */,
				257A348823EE4DBD0094D13D /* Products */,
			);
			sourceTree = "<group>";
		};
		257A348823EE4DBD0094D13D /* Products */ = {
			isa = PBXGroup;
			children = (
				257A348723EE4DBD0094D13D /* MovieApp.app */,
				257A349D23EE4DBE0094D13D /* MovieAppTests.xctest */,
				257A34A823EE4DBE0094D13D /* MovieAppUITests.xctest */,
			);
			name = Products;
			sourceTree = "<group>";
		};
		257A348923EE4DBD0094D13D /* MovieApp */ = {
			isa = PBXGroup;
			children = (
				257A348A23EE4DBD0094D13D /* AppDelegate.swift */,
				257A348C23EE4DBD0094D13D /* SceneDelegate.swift */,
				257A348E23EE4DBD0094D13D /* ViewController.swift */,
				257A349023EE4DBD0094D13D /* Main.storyboard */,
				257A349323EE4DBE0094D13D /* Assets.xcassets */,
				257A349523EE4DBE0094D13D /* LaunchScreen.storyboard */,
				257A349823EE4DBE0094D13D /* Info.plist */,
			);
			path = MovieApp;
			sourceTree = "<group>";
		};
		257A34A023EE4DBE0094D13D /* MovieAppTests */ = {
			isa = PBXGroup;
			children = (
				257A34A123EE4DBE0094D13D /* MovieAppTests.swift */,
				257A34A323EE4DBE0094D13D /* Info.plist */,
			);
			path = MovieAppTests;
			sourceTree = "<group>";
		};
		257A34AB23EE4DBE0094D13D /* MovieAppUITests */ = {
			isa = PBXGroup;
			children = (
				257A34AC23EE4DBE0094D13D /* MovieAppUITests.swift */,
				257A34AE23EE4DBE0094D13D /* Info.plist */,
			);
			path = MovieAppUITests;
			sourceTree = "<group>";
		};
/* End PBXGroup section */

/* Begin PBXNativeTarget section */
		257A348623EE4DBD0094D13D /* MovieApp */ = {
			isa = PBXNativeTarget;
			buildConfigurationList = 257A34B123EE4DBE0094D13D /* Build configuration list for PBXNativeTarget "MovieApp" */;
			buildPhases = (
				257A348323EE4DBD0094D13D /* Sources */,
				257A348423EE4DBD0094D13D /* Frameworks */,
				257A348523EE4DBD0094D13D /* Resources */,
			);
			buildRules = (
			);
			dependencies = (
			);
			name = MovieApp;
			productName = MovieApp;
			productReference = 257A348723EE4DBD0094D13D /* MovieApp.app */;
			productType = "com.apple.product-type.application";
		};
		257A349C23EE4DBE0094D13D /* MovieAppTests */ = {
			isa = PBXNativeTarget;
			buildConfigurationList = 257A34B423EE4DBE0094D13D /* Build configuration list for PBXNativeTarget "MovieAppTests" */;
			buildPhases = (
				257A349923EE4DBE0094D13D /* Sources */,
				257A349A23EE4DBE0094D13D /* Frameworks */,
				257A349B23EE4DBE0094D13D /* Resources */,
			);
			buildRules = (
			);
			dependencies = (
				257A349F23EE4DBE0094D13D /* PBXTargetDependency */,
			);
			name = MovieAppTests;
			productName = MovieAppTests;
			productReference = 257A349D23EE4DBE0094D13D /* MovieAppTests.xctest */;
			productType = "com.apple.product-type.bundle.unit-test";
		};
		257A34A723EE4DBE0094D13D /* MovieAppUITests */ = {
			isa = PBXNativeTarget;
			buildConfigurationList = 257A34B723EE4DBE0094D13D /* Build configuration list for PBXNativeTarget "MovieAppUITests" */;
			buildPhases = (
				257A34A423EE4DBE0094D13D /* Sources */,
				257A34A523EE4DBE0094D13D /* Frameworks */,
				257A34A623EE4DBE0094D13D /* Resources */,
			);
			buildRules = (
			);
			dependencies = (
				257A34AA23EE4DBE0094D13D /* PBXTargetDependency */,
			);
			name = MovieAppUITests;
			productName = MovieAppUITests;
			productReference = 257A34A823EE4DBE0094D13D /* MovieAppUITests.xctest */;
			productType = "com.apple.product-type.bundle.ui-testing";
		};
/* End PBXNativeTarget section */

/* Begin PBXProject section */
		257A347F23EE4DBD0094D13D /* Project object */ = {
			isa = PBXProject;
			attributes = {
				LastSwiftUpdateCheck = 1130;
				LastUpgradeCheck = 1130;
				ORGANIZATIONNAME = aaejustice;
				TargetAttributes = {
					257A348623EE4DBD0094D13D = {
						CreatedOnToolsVersion = 11.3.1;
					};
					257A349C23EE4DBE0094D13D = {
						CreatedOnToolsVersion = 11.3.1;
						TestTargetID = 257A348623EE4DBD0094D13D;
					};
					257A34A723EE4DBE0094D13D = {
						CreatedOnToolsVersion = 11.3.1;
						TestTargetID = 257A348623EE4DBD0094D13D;
					};
				};
			};
			buildConfigurationList = 257A348223EE4DBD0094D13D /* Build configuration list for PBXProject "MovieApp" */;
			compatibilityVersion = "Xcode 9.3";
			developmentRegion = en;
			hasScannedForEncodings = 0;
			knownRegions = (
				en,
				Base,
			);
			mainGroup = 257A347E23EE4DBD0094D13D;
			productRefGroup = 257A348823EE4DBD0094D13D /* Products */;
			projectDirPath = "";
			projectRoot = "";
			targets = (
				257A348623EE4DBD0094D13D /* MovieApp */,
				257A349C23EE4DBE0094D13D /* MovieAppTests */,
				257A34A723EE4DBE0094D13D /* MovieAppUITests */,
			);
		};
/* End PBXProject section */

/* Begin PBXResourcesBuildPhase section */
		257A348523EE4DBD0094D13D /* Resources */ = {
			isa = PBXResourcesBuildPhase;
			buildActionMask = 2147483647;
			files = (
				257A349723EE4DBE0094D13D /* LaunchScreen.storyboard in Resources */,
				257A349423EE4DBE0094D13D /* Assets.xcassets in Resources */,
				257A349223EE4DBD0094D13D /* Main.storyboard in Resources */,
			);
			runOnlyForDeploymentPostprocessing = 0;
		};
		257A349B23EE4DBE0094D13D /* Resources */ = {
			isa = PBXResourcesBuildPhase;
			buildActionMask = 2147483647;
			files = (
			);
			runOnlyForDeploymentPostprocessing = 0;
		};
		257A34A623EE4DBE0094D13D /* Resources */ = {
			isa = PBXResourcesBuildPhase;
			buildActionMask = 2147483647;
			files = (
			);
			runOnlyForDeploymentPostprocessing = 0;
		};
/* End PBXResourcesBuildPhase section */

/* Begin PBXSourcesBuildPhase section */
		257A348323EE4DBD0094D13D /* Sources */ = {
			isa = PBXSourcesBuildPhase;
			buildActionMask = 2147483647;
			files = (
				257A348F23EE4DBD0094D13D /* ViewController.swift in Sources */,
				257A348B23EE4DBD0094D13D /* AppDelegate.swift in Sources */,
				257A348D23EE4DBD0094D13D /* SceneDelegate.swift in Sources */,
			);
			runOnlyForDeploymentPostprocessing = 0;
		};
		257A349923EE4DBE0094D13D /* Sources */ = {
			isa = PBXSourcesBuildPhase;
			buildActionMask = 2147483647;
			files = (
				257A34A223EE4DBE0094D13D /* MovieAppTests.swift in Sources */,
			);
			runOnlyForDeploymentPostprocessing = 0;
		};
		257A34A423EE4DBE0094D13D /* Sources */ = {
			isa = PBXSourcesBuildPhase;
			buildActionMask = 2147483647;
			files = (
				257A34AD23EE4DBE0094D13D /* MovieAppUITests.swift in Sources */,
			);
			runOnlyForDeploymentPostprocessing = 0;
		};
/* End PBXSourcesBuildPhase section */

/* Begin PBXTargetDependency section */
		257A349F23EE4DBE0094D13D /* PBXTargetDependency */ = {
			isa = PBXTargetDependency;
			target = 257A348623EE4DBD0094D13D /* MovieApp */;
			targetProxy = 257A349E23EE4DBE0094D13D /* PBXContainerItemProxy */;
		};
		257A34AA23EE4DBE0094D13D /* PBXTargetDependency */ = {
			isa = PBXTargetDependency;
			target = 257A348623EE4DBD0094D13D /* MovieApp */;
			targetProxy = 257A34A923EE4DBE0094D13D /* PBXContainerItemProxy */;
		};
/* End PBXTargetDependency section */

/* Begin PBXVariantGroup section */
		257A349023EE4DBD0094D13D /* Main.storyboard */ = {
			isa = PBXVariantGroup;
			children = (
				257A349123EE4DBD0094D13D /* Base */,
			);
			name = Main.storyboard;
			sourceTree = "<group>";
		};
		257A349523EE4DBE0094D13D /* LaunchScreen.storyboard */ = {
			isa = PBXVariantGroup;
			children = (
				257A349623EE4DBE0094D13D /* Base */,
			);
			name = LaunchScreen.storyboard;
			sourceTree = "<group>";
		};
/* End PBXVariantGroup section */

/* Begin XCBuildConfiguration section */
		257A34AF23EE4DBE0094D13D /* Debug */ = {
			isa = XCBuildConfiguration;
			buildSettings = {
				ALWAYS_SEARCH_USER_PATHS = NO;
				CLANG_ANALYZER_NONNULL = YES;
				CLANG_ANALYZER_NUMBER_OBJECT_CONVERSION = YES_AGGRESSIVE;
				CLANG_CXX_LANGUAGE_STANDARD = "gnu++14";
				CLANG_CXX_LIBRARY = "libc++";
				CLANG_ENABLE_MODULES = YES;
				CLANG_ENABLE_OBJC_ARC = YES;
				CLANG_ENABLE_OBJC_WEAK = YES;
				CLANG_WARN_BLOCK_CAPTURE_AUTORELEASING = YES;
				CLANG_WARN_BOOL_CONVERSION = YES;
				CLANG_WARN_COMMA = YES;
				CLANG_WARN_CONSTANT_CONVERSION = YES;
				CLANG_WARN_DEPRECATED_OBJC_IMPLEMENTATIONS = YES;
				CLANG_WARN_DIRECT_OBJC_ISA_USAGE = YES_ERROR;
				CLANG_WARN_DOCUMENTATION_COMMENTS = YES;
				CLANG_WARN_EMPTY_BODY = YES;
				CLANG_WARN_ENUM_CONVERSION = YES;
				CLANG_WARN_INFINITE_RECURSION = YES;
				CLANG_WARN_INT_CONVERSION = YES;
				CLANG_WARN_NON_LITERAL_NULL_CONVERSION = YES;
				CLANG_WARN_OBJC_IMPLICIT_RETAIN_SELF = YES;
				CLANG_WARN_OBJC_LITERAL_CONVERSION = YES;
				CLANG_WARN_OBJC_ROOT_CLASS = YES_ERROR;
				CLANG_WARN_RANGE_LOOP_ANALYSIS = YES;
				CLANG_WARN_STRICT_PROTOTYPES = YES;
				CLANG_WARN_SUSPICIOUS_MOVE = YES;
				CLANG_WARN_UNGUARDED_AVAILABILITY = YES_AGGRESSIVE;
				CLANG_WARN_UNREACHABLE_CODE = YES;
				CLANG_WARN__DUPLICATE_METHOD_MATCH = YES;
				COPY_PHASE_STRIP = NO;
				DEBUG_INFORMATION_FORMAT = dwarf;
				ENABLE_STRICT_OBJC_MSGSEND = YES;
				ENABLE_TESTABILITY = YES;
				GCC_C_LANGUAGE_STANDARD = gnu11;
				GCC_DYNAMIC_NO_PIC = NO;
				GCC_NO_COMMON_BLOCKS = YES;
				GCC_OPTIMIZATION_LEVEL = 0;
				GCC_PREPROCESSOR_DEFINITIONS = (
					"DEBUG=1",
					"$(inherited)",
				);
				GCC_WARN_64_TO_32_BIT_CONVERSION = YES;
				GCC_WARN_ABOUT_RETURN_TYPE = YES_ERROR;
				GCC_WARN_UNDECLARED_SELECTOR = YES;
				GCC_WARN_UNINITIALIZED_AUTOS = YES_AGGRESSIVE;
				GCC_WARN_UNUSED_FUNCTION = YES;
				GCC_WARN_UNUSED_VARIABLE = YES;
				IPHONEOS_DEPLOYMENT_TARGET = 13.2;
				MTL_ENABLE_DEBUG_INFO = INCLUDE_SOURCE;
				MTL_FAST_MATH = YES;
				ONLY_ACTIVE_ARCH = YES;
				SDKROOT = iphoneos;
				SWIFT_ACTIVE_COMPILATION_CONDITIONS = DEBUG;
				SWIFT_OPTIMIZATION_LEVEL = "-Onone";
			};
			name = Debug;
		};
		257A34B023EE4DBE0094D13D /* Release */ = {
			isa = XCBuildConfiguration;
			buildSettings = {
				ALWAYS_SEARCH_USER_PATHS = NO;
				CLANG_ANALYZER_NONNULL = YES;
				CLANG_ANALYZER_NUMBER_OBJECT_CONVERSION = YES_AGGRESSIVE;
				CLANG_CXX_LANGUAGE_STANDARD = "gnu++14";
				CLANG_CXX_LIBRARY = "libc++";
				CLANG_ENABLE_MODULES = YES;
				CLANG_ENABLE_OBJC_ARC = YES;
				CLANG_ENABLE_OBJC_WEAK = YES;
				CLANG_WARN_BLOCK_CAPTURE_AUTORELEASING = YES;
				CLANG_WARN_BOOL_CONVERSION = YES;
				CLANG_WARN_COMMA = YES;
				CLANG_WARN_CONSTANT_CONVERSION = YES;
				CLANG_WARN_DEPRECATED_OBJC_IMPLEMENTATIONS = YES;
				CLANG_WARN_DIRECT_OBJC_ISA_USAGE = YES_ERROR;
				CLANG_WARN_DOCUMENTATION_COMMENTS = YES;
				CLANG_WARN_EMPTY_BODY = YES;
				CLANG_WARN_ENUM_CONVERSION = YES;
				CLANG_WARN_INFINITE_RECURSION = YES;
				CLANG_WARN_INT_CONVERSION = YES;
				CLANG_WARN_NON_LITERAL_NULL_CONVERSION = YES;
				CLANG_WARN_OBJC_IMPLICIT_RETAIN_SELF = YES;
				CLANG_WARN_OBJC_LITERAL_CONVERSION = YES;
				CLANG_WARN_OBJC_ROOT_CLASS = YES_ERROR;
				CLANG_WARN_RANGE_LOOP_ANALYSIS = YES;
				CLANG_WARN_STRICT_PROTOTYPES = YES;
				CLANG_WARN_SUSPICIOUS_MOVE = YES;
				CLANG_WARN_UNGUARDED_AVAILABILITY = YES_AGGRESSIVE;
				CLANG_WARN_UNREACHABLE_CODE = YES;
				CLANG_WARN__DUPLICATE_METHOD_MATCH = YES;
				COPY_PHASE_STRIP = NO;
				DEBUG_INFORMATION_FORMAT = "dwarf-with-dsym";
				ENABLE_NS_ASSERTIONS = NO;
				ENABLE_STRICT_OBJC_MSGSEND = YES;
				GCC_C_LANGUAGE_STANDARD = gnu11;
				GCC_NO_COMMON_BLOCKS = YES;
				GCC_WARN_64_TO_32_BIT_CONVERSION = YES;
				GCC_WARN_ABOUT_RETURN_TYPE = YES_ERROR;
				GCC_WARN_UNDECLARED_SELECTOR = YES;
				GCC_WARN_UNINITIALIZED_AUTOS = YES_AGGRESSIVE;
				GCC_WARN_UNUSED_FUNCTION = YES;
				GCC_WARN_UNUSED_VARIABLE = YES;
				IPHONEOS_DEPLOYMENT_TARGET = 13.2;
				MTL_ENABLE_DEBUG_INFO = NO;
				MTL_FAST_MATH = YES;
				SDKROOT = iphoneos;
				SWIFT_COMPILATION_MODE = wholemodule;
				SWIFT_OPTIMIZATION_LEVEL = "-O";
				VALIDATE_PRODUCT = YES;
			};
			name = Release;
		};
		257A34B223EE4DBE0094D13D /* Debug */ = {
			isa = XCBuildConfiguration;
			buildSettings = {
				ASSETCATALOG_COMPILER_APPICON_NAME = AppIcon;
				CODE_SIGN_STYLE = Automatic;
				INFOPLIST_FILE = MovieApp/Info.plist;
				LD_RUNPATH_SEARCH_PATHS = (
					"$(inherited)",
					"@executable_path/Frameworks",
				);
				PRODUCT_BUNDLE_IDENTIFIER = com.aaejustice.MovieApp;
				PRODUCT_NAME = "$(TARGET_NAME)";
				SWIFT_VERSION = 5.0;
				TARGETED_DEVICE_FAMILY = "1,2";
			};
			name = Debug;
		};
		257A34B323EE4DBE0094D13D /* Release */ = {
			isa = XCBuildConfiguration;
			buildSettings = {
				ASSETCATALOG_COMPILER_APPICON_NAME = AppIcon;
				CODE_SIGN_STYLE = Automatic;
				INFOPLIST_FILE = MovieApp/Info.plist;
				LD_RUNPATH_SEARCH_PATHS = (
					"$(inherited)",
					"@executable_path/Frameworks",
				);
				PRODUCT_BUNDLE_IDENTIFIER = com.aaejustice.MovieApp;
				PRODUCT_NAME = "$(TARGET_NAME)";
				SWIFT_VERSION = 5.0;
				TARGETED_DEVICE_FAMILY = "1,2";
			};
			name = Release;
		};
		257A34B523EE4DBE0094D13D /* Debug */ = {
			isa = XCBuildConfiguration;
			buildSettings = {
				ALWAYS_EMBED_SWIFT_STANDARD_LIBRARIES = YES;
				BUNDLE_LOADER = "$(TEST_HOST)";
				CODE_SIGN_STYLE = Automatic;
				INFOPLIST_FILE = MovieAppTests/Info.plist;
				IPHONEOS_DEPLOYMENT_TARGET = 13.2;
				LD_RUNPATH_SEARCH_PATHS = (
					"$(inherited)",
					"@executable_path/Frameworks",
					"@loader_path/Frameworks",
				);
				PRODUCT_BUNDLE_IDENTIFIER = com.aaejustice.MovieAppTests;
				PRODUCT_NAME = "$(TARGET_NAME)";
				SWIFT_VERSION = 5.0;
				TARGETED_DEVICE_FAMILY = "1,2";
				TEST_HOST = "$(BUILT_PRODUCTS_DIR)/MovieApp.app/MovieApp";
			};
			name = Debug;
		};
		257A34B623EE4DBE0094D13D /* Release */ = {
			isa = XCBuildConfiguration;
			buildSettings = {
				ALWAYS_EMBED_SWIFT_STANDARD_LIBRARIES = YES;
				BUNDLE_LOADER = "$(TEST_HOST)";
				CODE_SIGN_STYLE = Automatic;
				INFOPLIST_FILE = MovieAppTests/Info.plist;
				IPHONEOS_DEPLOYMENT_TARGET = 13.2;
				LD_RUNPATH_SEARCH_PATHS = (
					"$(inherited)",
					"@executable_path/Frameworks",
					"@loader_path/Frameworks",
				);
				PRODUCT_BUNDLE_IDENTIFIER = com.aaejustice.MovieAppTests;
				PRODUCT_NAME = "$(TARGET_NAME)";
				SWIFT_VERSION = 5.0;
				TARGETED_DEVICE_FAMILY = "1,2";
				TEST_HOST = "$(BUILT_PRODUCTS_DIR)/MovieApp.app/MovieApp";
			};
			name = Release;
		};
		257A34B823EE4DBE0094D13D /* Debug */ = {
			isa = XCBuildConfiguration;
			buildSettings = {
				ALWAYS_EMBED_SWIFT_STANDARD_LIBRARIES = YES;
				CODE_SIGN_STYLE = Automatic;
				INFOPLIST_FILE = MovieAppUITests/Info.plist;
				LD_RUNPATH_SEARCH_PATHS = (
					"$(inherited)",
					"@executable_path/Frameworks",
					"@loader_path/Frameworks",
				);
				PRODUCT_BUNDLE_IDENTIFIER = com.aaejustice.MovieAppUITests;
				PRODUCT_NAME = "$(TARGET_NAME)";
				SWIFT_VERSION = 5.0;
				TARGETED_DEVICE_FAMILY = "1,2";
				TEST_TARGET_NAME = MovieApp;
			};
			name = Debug;
		};
		257A34B923EE4DBE0094D13D /* Release */ = {
			isa = XCBuildConfiguration;
			buildSettings = {
				ALWAYS_EMBED_SWIFT_STANDARD_LIBRARIES = YES;
				CODE_SIGN_STYLE = Automatic;
				INFOPLIST_FILE = MovieAppUITests/Info.plist;
				LD_RUNPATH_SEARCH_PATHS = (
					"$(inherited)",
					"@executable_path/Frameworks",
					"@loader_path/Frameworks",
				);
				PRODUCT_BUNDLE_IDENTIFIER = com.aaejustice.MovieAppUITests;
				PRODUCT_NAME = "$(TARGET_NAME)";
				SWIFT_VERSION = 5.0;
				TARGETED_DEVICE_FAMILY = "1,2";
				TEST_TARGET_NAME = MovieApp;
			};
			name = Release;
		};
/* End XCBuildConfiguration section */

/* Begin XCConfigurationList section */
		257A348223EE4DBD0094D13D /* Build configuration list for PBXProject "MovieApp" */ = {
			isa = XCConfigurationList;
			buildConfigurations = (
				257A34AF23EE4DBE0094D13D /* Debug */,
				257A34B023EE4DBE0094D13D /* Release */,
			);
			defaultConfigurationIsVisible = 0;
			defaultConfigurationName = Release;
		};
		257A34B123EE4DBE0094D13D /* Build configuration list for PBXNativeTarget "MovieApp" */ = {
			isa = XCConfigurationList;
			buildConfigurations = (
				257A34B223EE4DBE0094D13D /* Debug */,
				257A34B323EE4DBE0094D13D /* Release */,
			);
			defaultConfigurationIsVisible = 0;
			defaultConfigurationName = Release;
		};
		257A34B423EE4DBE0094D13D /* Build configuration list for PBXNativeTarget "MovieAppTests" */ = {
			isa = XCConfigurationList;
			buildConfigurations = (
				257A34B523EE4DBE0094D13D /* Debug */,
				257A34B623EE4DBE0094D13D /* Release */,
			);
			defaultConfigurationIsVisible = 0;
			defaultConfigurationName = Release;
		};
		257A34B723EE4DBE0094D13D /* Build configuration list for PBXNativeTarget "MovieAppUITests" */ = {
			isa = XCConfigurationList;
			buildConfigurations = (
				257A34B823EE4DBE0094D13D /* Debug */,
				257A34B923EE4DBE0094D13D /* Release */,
			);
			defaultConfigurationIsVisible = 0;
			defaultConfigurationName = Release;
		};
/* End XCConfigurationList section */
	};
	rootObject = 257A347F23EE4DBD0094D13D /* Project object */;
}
